
Microsoft Visual Studio Solution File, Format Version 12.00
# Visual Studio Version 17
VisualStudioVersion = 17.9.34902.65
MinimumVisualStudioVersion = 10.0.40219.1
Project("{FAE04EC0-301F-11D3-BF4B-00C04F79EFBC}") = "TreciDeoProjekta", "TreciDeoProjekta.csproj", "{73D0140A-FA0B-449D-B5BD-6E1472E98B76}"
EndProject
Global
	GlobalSection(SolutionConfigurationPlatforms) = preSolution
		Debug|Any CPU = Debug|Any CPU
		Release|Any CPU = Release|Any CPU
	EndGlobalSection
	GlobalSection(ProjectConfigurationPlatforms) = postSolution
		{73D0140A-FA0B-449D-B5BD-6E1472E98B76}.Debug|Any CPU.ActiveCfg = Debug|Any CPU
		{73D0140A-FA0B-449D-B5BD-6E1472E98B76}.Debug|Any CPU.Build.0 = Debug|Any CPU
		{73D0140A-FA0B-449D-B5BD-6E1472E98B76}.Release|Any CPU.ActiveCfg = Release|Any CPU
		{73D0140A-FA0B-449D-B5BD-6E1472E98B76}.Release|Any CPU.Build.0 = Release|Any CPU
	EndGlobalSection
	GlobalSection(SolutionProperties) = preSolution
		HideSolutionNode = FALSE
	EndGlobalSection
	GlobalSection(ExtensibilityGlobals) = postSolution
		SolutionGuid = {8E6956A3-3089-47E3-BB43-CC5EBF464F0D}
	EndGlobalSection
EndGlobal
